
Microsoft Visual Studio Solution File, Format Version 12.00
# Visual Studio 15
VisualStudioVersion = 15.0.26020.0
MinimumVisualStudioVersion = 10.0.40219.1
Project("{2150E333-8FDC-42A3-9474-1A3956D46DE8}") = "Solution Items", "Solution Items", "{5BDD2EE6-44B5-44B6-B695-90316D1BA502}"
	ProjectSection(SolutionItems) = preProject
		.gitignore = .gitignore
		global.json = global.json
	EndProjectSection
EndProject
Project("{2150E333-8FDC-42A3-9474-1A3956D46DE8}") = "docs", "docs", "{DBF39F0B-4498-4FC7-A085-3D85A5C6C135}"
	ProjectSection(SolutionItems) = preProject
		LICENSE = LICENSE
		README.md = README.md
	EndProjectSection
EndProject
Project("{9A19103F-16F7-4668-BE54-9A1E7A4F7556}") = "Press", "src\Press\Press.csproj", "{3FE9C626-3FE0-4F92-8B47-DBB2AD291CDD}"
EndProject
Project("{9A19103F-16F7-4668-BE54-9A1E7A4F7556}") = "sample", "sample\sample.csproj", "{5F825F61-227D-417E-AE09-6966F55FC808}"
EndProject
Global
	GlobalSection(SolutionConfigurationPlatforms) = preSolution
		Debug|Any CPU = Debug|Any CPU
		Release|Any CPU = Release|Any CPU
	EndGlobalSection
	GlobalSection(ProjectConfigurationPlatforms) = postSolution
		{3FE9C626-3FE0-4F92-8B47-DBB2AD291CDD}.Debug|Any CPU.ActiveCfg = Debug|Any CPU
		{3FE9C626-3FE0-4F92-8B47-DBB2AD291CDD}.Debug|Any CPU.Build.0 = Debug|Any CPU
		{3FE9C626-3FE0-4F92-8B47-DBB2AD291CDD}.Release|Any CPU.ActiveCfg = Release|Any CPU
		{3FE9C626-3FE0-4F92-8B47-DBB2AD291CDD}.Release|Any CPU.Build.0 = Release|Any CPU
		{5F825F61-227D-417E-AE09-6966F55FC808}.Debug|Any CPU.ActiveCfg = Debug|Any CPU
		{5F825F61-227D-417E-AE09-6966F55FC808}.Debug|Any CPU.Build.0 = Debug|Any CPU
		{5F825F61-227D-417E-AE09-6966F55FC808}.Release|Any CPU.ActiveCfg = Release|Any CPU
		{5F825F61-227D-417E-AE09-6966F55FC808}.Release|Any CPU.Build.0 = Release|Any CPU
	EndGlobalSection
	GlobalSection(SolutionProperties) = preSolution
		HideSolutionNode = FALSE
	EndGlobalSection
EndGlobal
